
Microsoft Visual Studio Solution File, Format Version 12.00
# Visual Studio Version 16
VisualStudioVersion = 16.0.29709.97
MinimumVisualStudioVersion = 10.0.40219.1
Project("{FAE04EC0-301F-11D3-BF4B-00C04F79EFBC}") = "Tp01", "Tp01\Tp01.csproj", "{484E6302-45B3-4F6F-9A5E-A152F74EA976}"
EndProject
Project("{FAE04EC0-301F-11D3-BF4B-00C04F79EFBC}") = "TP01-Mod3", "TP01-Mod3\TP01-Mod3.csproj", "{4C391C04-A084-41A4-AD5B-B68BC0C91D64}"
EndProject
Project("{FAE04EC0-301F-11D3-BF4B-00C04F79EFBC}") = "TP1-Mod5-Chat", "TP1-Mod5-Chat\TP1-Mod5-Chat.csproj", "{BA25FA2C-BA5F-4F77-A11F-6D1D58F8E47E}"
EndProject
Project("{FAE04EC0-301F-11D3-BF4B-00C04F79EFBC}") = "BO", "BO\BO.csproj", "{6066EAAA-6025-49BC-A1F3-FC6447C42CD9}"
EndProject
Project("{FAE04EC0-301F-11D3-BF4B-00C04F79EFBC}") = "TP2-Mod5-Pizza", "TP2-Mod5-Pizza\TP2-Mod5-Pizza.csproj", "{EC5219C4-E5AE-4D09-AC2E-239C6E74D7D1}"
EndProject
Global
	GlobalSection(SolutionConfigurationPlatforms) = preSolution
		Debug|Any CPU = Debug|Any CPU
		Release|Any CPU = Release|Any CPU
	EndGlobalSection
	GlobalSection(ProjectConfigurationPlatforms) = postSolution
		{484E6302-45B3-4F6F-9A5E-A152F74EA976}.Debug|Any CPU.ActiveCfg = Debug|Any CPU
		{484E6302-45B3-4F6F-9A5E-A152F74EA976}.Debug|Any CPU.Build.0 = Debug|Any CPU
		{484E6302-45B3-4F6F-9A5E-A152F74EA976}.Release|Any CPU.ActiveCfg = Release|Any CPU
		{484E6302-45B3-4F6F-9A5E-A152F74EA976}.Release|Any CPU.Build.0 = Release|Any CPU
		{4C391C04-A084-41A4-AD5B-B68BC0C91D64}.Debug|Any CPU.ActiveCfg = Debug|Any CPU
		{4C391C04-A084-41A4-AD5B-B68BC0C91D64}.Debug|Any CPU.Build.0 = Debug|Any CPU
		{4C391C04-A084-41A4-AD5B-B68BC0C91D64}.Release|Any CPU.ActiveCfg = Release|Any CPU
		{4C391C04-A084-41A4-AD5B-B68BC0C91D64}.Release|Any CPU.Build.0 = Release|Any CPU
		{BA25FA2C-BA5F-4F77-A11F-6D1D58F8E47E}.Debug|Any CPU.ActiveCfg = Debug|Any CPU
		{BA25FA2C-BA5F-4F77-A11F-6D1D58F8E47E}.Debug|Any CPU.Build.0 = Debug|Any CPU
		{BA25FA2C-BA5F-4F77-A11F-6D1D58F8E47E}.Release|Any CPU.ActiveCfg = Release|Any CPU
		{BA25FA2C-BA5F-4F77-A11F-6D1D58F8E47E}.Release|Any CPU.Build.0 = Release|Any CPU
		{6066EAAA-6025-49BC-A1F3-FC6447C42CD9}.Debug|Any CPU.ActiveCfg = Debug|Any CPU
		{6066EAAA-6025-49BC-A1F3-FC6447C42CD9}.Debug|Any CPU.Build.0 = Debug|Any CPU
		{6066EAAA-6025-49BC-A1F3-FC6447C42CD9}.Release|Any CPU.ActiveCfg = Release|Any CPU
		{6066EAAA-6025-49BC-A1F3-FC6447C42CD9}.Release|Any CPU.Build.0 = Release|Any CPU
		{EC5219C4-E5AE-4D09-AC2E-239C6E74D7D1}.Debug|Any CPU.ActiveCfg = Debug|Any CPU
		{EC5219C4-E5AE-4D09-AC2E-239C6E74D7D1}.Debug|Any CPU.Build.0 = Debug|Any CPU
		{EC5219C4-E5AE-4D09-AC2E-239C6E74D7D1}.Release|Any CPU.ActiveCfg = Release|Any CPU
		{EC5219C4-E5AE-4D09-AC2E-239C6E74D7D1}.Release|Any CPU.Build.0 = Release|Any CPU
	EndGlobalSection
	GlobalSection(SolutionProperties) = preSolution
		HideSolutionNode = FALSE
	EndGlobalSection
	GlobalSection(ExtensibilityGlobals) = postSolution
		SolutionGuid = {E9677CDA-63C3-4FF0-983C-CCE4ADE6C8BB}
	EndGlobalSection
EndGlobal
